{
  "originHash" : "58caaa9b3f2f5ee72aeaf87a7d8e71b4bdcf3c2f334ac66c6ecbec78830e8bb2",
  "pins" : [
    {
      "identity" : "swift-cmark",
      "kind" : "remoteSourceControl",
      "location" : "https://github.com/swiftlang/swift-cmark.git",
      "state" : {
        "branch" : "gfm",
        "revision" : "924936d0427cb25a61169739a7660230bffa6ea6"
      }
    },
    {
      "identity" : "swift-markdown",
      "kind" : "remoteSourceControl",
      "location" : "https://github.com/swiftlang/swift-markdown.git",
      "state" : {
        "branch" : "main",
        "revision" : "ba1fbd1b242972b9aa79a3d1f213b5eed2e84921"
      }
    },
    {
      "identity" : "swiftuilazycontainer",
      "kind" : "remoteSourceControl",
      "location" : "https://github.com/ciaranrobrien/SwiftUILazyContainer.git",
      "state" : {
        "revision" : "060287b6c9ae6fdb7fc41d5965b4b0df834fb3e7",
        "version" : "2.0.0"
      }
    }
  ],
  "version" : 3
}
