{
  "originHash" : "d84bd7c082fad02a4426845bdaee13a9be287524ca138bb88019119e80f2d451",
  "pins" : [
    {
      "identity" : "grdb.swift",
      "kind" : "remoteSourceControl",
      "location" : "https://github.com/groue/GRDB.swift.git",
      "state" : {
        "revision" : "2cf6c756e1e5ef6901ebae16576a7e4e4b834622",
        "version" : "6.29.3"
      }
    },
    {
      "identity" : "swift-cmark",
      "kind" : "remoteSourceControl",
      "location" : "https://github.com/swiftlang/swift-cmark.git",
      "state" : {
        "branch" : "gfm",
        "revision" : "924936d0427cb25a61169739a7660230bffa6ea6"
      }
    },
    {
      "identity" : "swift-markdown",
      "kind" : "remoteSourceControl",
      "location" : "https://github.com/swiftlang/swift-markdown.git",
      "state" : {
        "branch" : "main",
        "revision" : "ba1fbd1b242972b9aa79a3d1f213b5eed2e84921"
      }
    },
    {
      "identity" : "swiftuilazycontainer",
      "kind" : "remoteSourceControl",
      "location" : "https://github.com/ciaranrobrien/SwiftUILazyContainer.git",
      "state" : {
        "revision" : "060287b6c9ae6fdb7fc41d5965b4b0df834fb3e7",
        "version" : "2.0.0"
      }
    }
  ],
  "version" : 3
}
